// !$*UTF8*$!
{
	archiveVersion = 1;
	classes = {
	};
	objectVersion = 56;
	objects = {

/* Begin PBXBuildFile section */
		4614E5832B2AF9C7002BB566 /* Final_ProjectApp.swift in Sources */ = {isa = PBXBuildFile; fileRef = 4614E5822B2AF9C7002BB566 /* Final_ProjectApp.swift */; };
		4614E5852B2AF9C7002BB566 /* ContentView.swift in Sources */ = {isa = PBXBuildFile; fileRef = 4614E5842B2AF9C7002BB566 /* ContentView.swift */; };
		4614E5872B2AF9CA002BB566 /* Assets.xcassets in Resources */ = {isa = PBXBuildFile; fileRef = 4614E5862B2AF9CA002BB566 /* Assets.xcassets */; };
		4614E58A2B2AF9CA002BB566 /* Preview Assets.xcassets in Resources */ = {isa = PBXBuildFile; fileRef = 4614E5892B2AF9CA002BB566 /* Preview Assets.xcassets */; };
		4614E5922B2AFB00002BB566 /* LocationManager.swift in Sources */ = {isa = PBXBuildFile; fileRef = 4614E5912B2AFB00002BB566 /* LocationManager.swift */; };
		4614E5952B2B0187002BB566 /* MKCoordinateRegionExtension.swift in Sources */ = {isa = PBXBuildFile; fileRef = 4614E5942B2B0187002BB566 /* MKCoordinateRegionExtension.swift */; };
		4614E5982B2B023B002BB566 /* MapUtilities.swift in Sources */ = {isa = PBXBuildFile; fileRef = 4614E5972B2B023A002BB566 /* MapUtilities.swift */; };
		4614E59B2B2B9123002BB566 /* PlaceView.swift in Sources */ = {isa = PBXBuildFile; fileRef = 4614E59A2B2B9123002BB566 /* PlaceView.swift */; };
		4614E59D2B2B93BB002BB566 /* PreviewData.swift in Sources */ = {isa = PBXBuildFile; fileRef = 4614E59C2B2B93BB002BB566 /* PreviewData.swift */; };
		4614E59F2B2B9574002BB566 /* SearchOptionsView.swift in Sources */ = {isa = PBXBuildFile; fileRef = 4614E59E2B2B9574002BB566 /* SearchOptionsView.swift */; };
		4614E5A12B2BAD1F002BB566 /* MKMapView.swift in Sources */ = {isa = PBXBuildFile; fileRef = 4614E5A02B2BAD1F002BB566 /* MKMapView.swift */; };
		4614E5A32B2BDCE9002BB566 /* MapView.swift in Sources */ = {isa = PBXBuildFile; fileRef = 4614E5A22B2BDCE9002BB566 /* MapView.swift */; };
		4614E5A52B2C03B0002BB566 /* LookAroundView.swift in Sources */ = {isa = PBXBuildFile; fileRef = 4614E5A42B2C03B0002BB566 /* LookAroundView.swift */; };
		4614E5A72B2C0CFE002BB566 /* DirectionsView.swift in Sources */ = {isa = PBXBuildFile; fileRef = 4614E5A62B2C0CFE002BB566 /* DirectionsView.swift */; };
		4614E5A92B2C0DA1002BB566 /* RouteMapView.swift in Sources */ = {isa = PBXBuildFile; fileRef = 4614E5A82B2C0DA1002BB566 /* RouteMapView.swift */; };
		4614E5AD2B2C428E002BB566 /* HomeView.swift in Sources */ = {isa = PBXBuildFile; fileRef = 4614E5AC2B2C428E002BB566 /* HomeView.swift */; };
		4614E5AF2B2C4A19002BB566 /* Login View.swift in Sources */ = {isa = PBXBuildFile; fileRef = 4614E5AE2B2C4A19002BB566 /* Login View.swift */; };
		4614E5B12B2C4A36002BB566 /* WelcomeView.swift in Sources */ = {isa = PBXBuildFile; fileRef = 4614E5B02B2C4A36002BB566 /* WelcomeView.swift */; };
		C34A52852B2D259300B5575B /* courseListModel.swift in Sources */ = {isa = PBXBuildFile; fileRef = C34A52842B2D259300B5575B /* courseListModel.swift */; };
		C34A52872B2D272B00B5575B /* courseListApiView.swift in Sources */ = {isa = PBXBuildFile; fileRef = C34A52862B2D272B00B5575B /* courseListApiView.swift */; };
		C34A528A2B2D27AC00B5575B /* CourseService.swift in Sources */ = {isa = PBXBuildFile; fileRef = C34A52892B2D27AC00B5575B /* CourseService.swift */; };
		C34A528C2B2D2B8400B5575B /* CourseDetailView.swift in Sources */ = {isa = PBXBuildFile; fileRef = C34A528B2B2D2B8400B5575B /* CourseDetailView.swift */; };
/* End PBXBuildFile section */

/* Begin PBXFileReference section */
		4614E57F2B2AF9C7002BB566 /* Final Project.app */ = {isa = PBXFileReference; explicitFileType = wrapper.application; includeInIndex = 0; path = "Final Project.app"; sourceTree = BUILT_PRODUCTS_DIR; };
		4614E5822B2AF9C7002BB566 /* Final_ProjectApp.swift */ = {isa = PBXFileReference; lastKnownFileType = sourcecode.swift; path = Final_ProjectApp.swift; sourceTree = "<group>"; };
		4614E5842B2AF9C7002BB566 /* ContentView.swift */ = {isa = PBXFileReference; lastKnownFileType = sourcecode.swift; path = ContentView.swift; sourceTree = "<group>"; };
		4614E5862B2AF9CA002BB566 /* Assets.xcassets */ = {isa = PBXFileReference; lastKnownFileType = folder.assetcatalog; path = Assets.xcassets; sourceTree = "<group>"; };
		4614E5892B2AF9CA002BB566 /* Preview Assets.xcassets */ = {isa = PBXFileReference; lastKnownFileType = folder.assetcatalog; path = "Preview Assets.xcassets"; sourceTree = "<group>"; };
		4614E5912B2AFB00002BB566 /* LocationManager.swift */ = {isa = PBXFileReference; lastKnownFileType = sourcecode.swift; path = LocationManager.swift; sourceTree = "<group>"; };
		4614E5942B2B0187002BB566 /* MKCoordinateRegionExtension.swift */ = {isa = PBXFileReference; lastKnownFileType = sourcecode.swift; path = MKCoordinateRegionExtension.swift; sourceTree = "<group>"; };
		4614E5972B2B023A002BB566 /* MapUtilities.swift */ = {isa = PBXFileReference; lastKnownFileType = sourcecode.swift; path = MapUtilities.swift; sourceTree = "<group>"; };
		4614E59A2B2B9123002BB566 /* PlaceView.swift */ = {isa = PBXFileReference; lastKnownFileType = sourcecode.swift; path = PlaceView.swift; sourceTree = "<group>"; };
		4614E59C2B2B93BB002BB566 /* PreviewData.swift */ = {isa = PBXFileReference; lastKnownFileType = sourcecode.swift; path = PreviewData.swift; sourceTree = "<group>"; };
		4614E59E2B2B9574002BB566 /* SearchOptionsView.swift */ = {isa = PBXFileReference; lastKnownFileType = sourcecode.swift; path = SearchOptionsView.swift; sourceTree = "<group>"; };
		4614E5A02B2BAD1F002BB566 /* MKMapView.swift */ = {isa = PBXFileReference; lastKnownFileType = sourcecode.swift; path = MKMapView.swift; sourceTree = "<group>"; };
		4614E5A22B2BDCE9002BB566 /* MapView.swift */ = {isa = PBXFileReference; lastKnownFileType = sourcecode.swift; path = MapView.swift; sourceTree = "<group>"; };
		4614E5A42B2C03B0002BB566 /* LookAroundView.swift */ = {isa = PBXFileReference; lastKnownFileType = sourcecode.swift; path = LookAroundView.swift; sourceTree = "<group>"; };
		4614E5A62B2C0CFE002BB566 /* DirectionsView.swift */ = {isa = PBXFileReference; lastKnownFileType = sourcecode.swift; path = DirectionsView.swift; sourceTree = "<group>"; };
		4614E5A82B2C0DA1002BB566 /* RouteMapView.swift */ = {isa = PBXFileReference; lastKnownFileType = sourcecode.swift; path = RouteMapView.swift; sourceTree = "<group>"; };
		4614E5AC2B2C428E002BB566 /* HomeView.swift */ = {isa = PBXFileReference; lastKnownFileType = sourcecode.swift; path = HomeView.swift; sourceTree = "<group>"; };
		4614E5AE2B2C4A19002BB566 /* Login View.swift */ = {isa = PBXFileReference; lastKnownFileType = sourcecode.swift; path = "Login View.swift"; sourceTree = "<group>"; };
		4614E5B02B2C4A36002BB566 /* WelcomeView.swift */ = {isa = PBXFileReference; lastKnownFileType = sourcecode.swift; path = WelcomeView.swift; sourceTree = "<group>"; };
		C34A52842B2D259300B5575B /* courseListModel.swift */ = {isa = PBXFileReference; lastKnownFileType = sourcecode.swift; path = courseListModel.swift; sourceTree = "<group>"; };
		C34A52862B2D272B00B5575B /* courseListApiView.swift */ = {isa = PBXFileReference; lastKnownFileType = sourcecode.swift; path = courseListApiView.swift; sourceTree = "<group>"; };
		C34A52892B2D27AC00B5575B /* CourseService.swift */ = {isa = PBXFileReference; lastKnownFileType = sourcecode.swift; path = CourseService.swift; sourceTree = "<group>"; };
		C34A528B2B2D2B8400B5575B /* CourseDetailView.swift */ = {isa = PBXFileReference; lastKnownFileType = sourcecode.swift; path = CourseDetailView.swift; sourceTree = "<group>"; };
/* End PBXFileReference section */

/* Begin PBXFrameworksBuildPhase section */
		4614E57C2B2AF9C7002BB566 /* Frameworks */ = {
			isa = PBXFrameworksBuildPhase;
			buildActionMask = 2147483647;
			files = (
			);
			runOnlyForDeploymentPostprocessing = 0;
		};
/* End PBXFrameworksBuildPhase section */

/* Begin PBXGroup section */
		4614E5762B2AF9C6002BB566 = {
			isa = PBXGroup;
			children = (
				4614E5812B2AF9C7002BB566 /* Final Project */,
				4614E5802B2AF9C7002BB566 /* Products */,
			);
			sourceTree = "<group>";
		};
		4614E5802B2AF9C7002BB566 /* Products */ = {
			isa = PBXGroup;
			children = (
				4614E57F2B2AF9C7002BB566 /* Final Project.app */,
			);
			name = Products;
			sourceTree = "<group>";
		};
		4614E5812B2AF9C7002BB566 /* Final Project */ = {
			isa = PBXGroup;
			children = (
				C34A52882B2D279500B5575B /* Services */,
				C34A52832B2D257900B5575B /* Model */,
				4614E5992B2B0AC6002BB566 /* Views */,
				4614E5962B2B0229002BB566 /* Utils */,
				4614E5932B2B0161002BB566 /* Extensions */,
				4614E5902B2AFAB3002BB566 /* Managers */,
				4614E5822B2AF9C7002BB566 /* Final_ProjectApp.swift */,
				4614E5842B2AF9C7002BB566 /* ContentView.swift */,
				4614E5862B2AF9CA002BB566 /* Assets.xcassets */,
				4614E5882B2AF9CA002BB566 /* Preview Content */,
			);
			path = "Final Project";
			sourceTree = "<group>";
		};
		4614E5882B2AF9CA002BB566 /* Preview Content */ = {
			isa = PBXGroup;
			children = (
				4614E5892B2AF9CA002BB566 /* Preview Assets.xcassets */,
				4614E59C2B2B93BB002BB566 /* PreviewData.swift */,
			);
			path = "Preview Content";
			sourceTree = "<group>";
		};
		4614E5902B2AFAB3002BB566 /* Managers */ = {
			isa = PBXGroup;
			children = (
				4614E5912B2AFB00002BB566 /* LocationManager.swift */,
			);
			path = Managers;
			sourceTree = "<group>";
		};
		4614E5932B2B0161002BB566 /* Extensions */ = {
			isa = PBXGroup;
			children = (
				4614E5942B2B0187002BB566 /* MKCoordinateRegionExtension.swift */,
				4614E5A02B2BAD1F002BB566 /* MKMapView.swift */,
			);
			path = Extensions;
			sourceTree = "<group>";
		};
		4614E5962B2B0229002BB566 /* Utils */ = {
			isa = PBXGroup;
			children = (
				4614E5972B2B023A002BB566 /* MapUtilities.swift */,
			);
			path = Utils;
			sourceTree = "<group>";
		};
		4614E5992B2B0AC6002BB566 /* Views */ = {
			isa = PBXGroup;
			children = (
				4614E59A2B2B9123002BB566 /* PlaceView.swift */,
				4614E59E2B2B9574002BB566 /* SearchOptionsView.swift */,
				4614E5A22B2BDCE9002BB566 /* MapView.swift */,
				4614E5A42B2C03B0002BB566 /* LookAroundView.swift */,
				4614E5A62B2C0CFE002BB566 /* DirectionsView.swift */,
				4614E5A82B2C0DA1002BB566 /* RouteMapView.swift */,
				4614E5AC2B2C428E002BB566 /* HomeView.swift */,
				4614E5AE2B2C4A19002BB566 /* Login View.swift */,
				4614E5B02B2C4A36002BB566 /* WelcomeView.swift */,
				C34A52862B2D272B00B5575B /* courseListApiView.swift */,
				C34A528B2B2D2B8400B5575B /* CourseDetailView.swift */,
			);
			path = Views;
			sourceTree = "<group>";
		};
		C34A52832B2D257900B5575B /* Model */ = {
			isa = PBXGroup;
			children = (
				C34A52842B2D259300B5575B /* courseListModel.swift */,
			);
			path = Model;
			sourceTree = "<group>";
		};
		C34A52882B2D279500B5575B /* Services */ = {
			isa = PBXGroup;
			children = (
				C34A52892B2D27AC00B5575B /* CourseService.swift */,
			);
			path = Services;
			sourceTree = "<group>";
		};
/* End PBXGroup section */

/* Begin PBXNativeTarget section */
		4614E57E2B2AF9C7002BB566 /* Final Project */ = {
			isa = PBXNativeTarget;
			buildConfigurationList = 4614E58D2B2AF9CA002BB566 /* Build configuration list for PBXNativeTarget "Final Project" */;
			buildPhases = (
				4614E57B2B2AF9C7002BB566 /* Sources */,
				4614E57C2B2AF9C7002BB566 /* Frameworks */,
				4614E57D2B2AF9C7002BB566 /* Resources */,
			);
			buildRules = (
			);
			dependencies = (
			);
			name = "Final Project";
			productName = "Final Project";
			productReference = 4614E57F2B2AF9C7002BB566 /* Final Project.app */;
			productType = "com.apple.product-type.application";
		};
/* End PBXNativeTarget section */

/* Begin PBXProject section */
		4614E5772B2AF9C6002BB566 /* Project object */ = {
			isa = PBXProject;
			attributes = {
				BuildIndependentTargetsInParallel = 1;
				LastSwiftUpdateCheck = 1500;
				LastUpgradeCheck = 1500;
				TargetAttributes = {
					4614E57E2B2AF9C7002BB566 = {
						CreatedOnToolsVersion = 15.0.1;
					};
				};
			};
			buildConfigurationList = 4614E57A2B2AF9C7002BB566 /* Build configuration list for PBXProject "Final Project" */;
			compatibilityVersion = "Xcode 14.0";
			developmentRegion = en;
			hasScannedForEncodings = 0;
			knownRegions = (
				en,
				Base,
			);
			mainGroup = 4614E5762B2AF9C6002BB566;
			productRefGroup = 4614E5802B2AF9C7002BB566 /* Products */;
			projectDirPath = "";
			projectRoot = "";
			targets = (
				4614E57E2B2AF9C7002BB566 /* Final Project */,
			);
		};
/* End PBXProject section */

/* Begin PBXResourcesBuildPhase section */
		4614E57D2B2AF9C7002BB566 /* Resources */ = {
			isa = PBXResourcesBuildPhase;
			buildActionMask = 2147483647;
			files = (
				4614E58A2B2AF9CA002BB566 /* Preview Assets.xcassets in Resources */,
				4614E5872B2AF9CA002BB566 /* Assets.xcassets in Resources */,
			);
			runOnlyForDeploymentPostprocessing = 0;
		};
/* End PBXResourcesBuildPhase section */

/* Begin PBXSourcesBuildPhase section */
		4614E57B2B2AF9C7002BB566 /* Sources */ = {
			isa = PBXSourcesBuildPhase;
			buildActionMask = 2147483647;
			files = (
				C34A52872B2D272B00B5575B /* courseListApiView.swift in Sources */,
				4614E5A92B2C0DA1002BB566 /* RouteMapView.swift in Sources */,
				4614E59B2B2B9123002BB566 /* PlaceView.swift in Sources */,
				4614E5852B2AF9C7002BB566 /* ContentView.swift in Sources */,
				C34A528C2B2D2B8400B5575B /* CourseDetailView.swift in Sources */,
				4614E5AD2B2C428E002BB566 /* HomeView.swift in Sources */,
				C34A52852B2D259300B5575B /* courseListModel.swift in Sources */,
				4614E5B12B2C4A36002BB566 /* WelcomeView.swift in Sources */,
				C34A528A2B2D27AC00B5575B /* CourseService.swift in Sources */,
				4614E5832B2AF9C7002BB566 /* Final_ProjectApp.swift in Sources */,
				4614E5A52B2C03B0002BB566 /* LookAroundView.swift in Sources */,
				4614E5922B2AFB00002BB566 /* LocationManager.swift in Sources */,
				4614E59D2B2B93BB002BB566 /* PreviewData.swift in Sources */,
				4614E5982B2B023B002BB566 /* MapUtilities.swift in Sources */,
				4614E5A12B2BAD1F002BB566 /* MKMapView.swift in Sources */,
				4614E5A32B2BDCE9002BB566 /* MapView.swift in Sources */,
				4614E5952B2B0187002BB566 /* MKCoordinateRegionExtension.swift in Sources */,
				4614E5A72B2C0CFE002BB566 /* DirectionsView.swift in Sources */,
				4614E59F2B2B9574002BB566 /* SearchOptionsView.swift in Sources */,
				4614E5AF2B2C4A19002BB566 /* Login View.swift in Sources */,
			);
			runOnlyForDeploymentPostprocessing = 0;
		};
/* End PBXSourcesBuildPhase section */

/* Begin XCBuildConfiguration section */
		4614E58B2B2AF9CA002BB566 /* Debug */ = {
			isa = XCBuildConfiguration;
			buildSettings = {
				ALWAYS_SEARCH_USER_PATHS = NO;
				ASSETCATALOG_COMPILER_GENERATE_SWIFT_ASSET_SYMBOL_EXTENSIONS = YES;
				CLANG_ANALYZER_NONNULL = YES;
				CLANG_ANALYZER_NUMBER_OBJECT_CONVERSION = YES_AGGRESSIVE;
				CLANG_CXX_LANGUAGE_STANDARD = "gnu++20";
				CLANG_ENABLE_MODULES = YES;
				CLANG_ENABLE_OBJC_ARC = YES;
				CLANG_ENABLE_OBJC_WEAK = YES;
				CLANG_WARN_BLOCK_CAPTURE_AUTORELEASING = YES;
				CLANG_WARN_BOOL_CONVERSION = YES;
				CLANG_WARN_COMMA = YES;
				CLANG_WARN_CONSTANT_CONVERSION = YES;
				CLANG_WARN_DEPRECATED_OBJC_IMPLEMENTATIONS = YES;
				CLANG_WARN_DIRECT_OBJC_ISA_USAGE = YES_ERROR;
				CLANG_WARN_DOCUMENTATION_COMMENTS = YES;
				CLANG_WARN_EMPTY_BODY = YES;
				CLANG_WARN_ENUM_CONVERSION = YES;
				CLANG_WARN_INFINITE_RECURSION = YES;
				CLANG_WARN_INT_CONVERSION = YES;
				CLANG_WARN_NON_LITERAL_NULL_CONVERSION = YES;
				CLANG_WARN_OBJC_IMPLICIT_RETAIN_SELF = YES;
				CLANG_WARN_OBJC_LITERAL_CONVERSION = YES;
				CLANG_WARN_OBJC_ROOT_CLASS = YES_ERROR;
				CLANG_WARN_QUOTED_INCLUDE_IN_FRAMEWORK_HEADER = YES;
				CLANG_WARN_RANGE_LOOP_ANALYSIS = YES;
				CLANG_WARN_STRICT_PROTOTYPES = YES;
				CLANG_WARN_SUSPICIOUS_MOVE = YES;
				CLANG_WARN_UNGUARDED_AVAILABILITY = YES_AGGRESSIVE;
				CLANG_WARN_UNREACHABLE_CODE = YES;
				CLANG_WARN__DUPLICATE_METHOD_MATCH = YES;
				COPY_PHASE_STRIP = NO;
				DEBUG_INFORMATION_FORMAT = dwarf;
				ENABLE_STRICT_OBJC_MSGSEND = YES;
				ENABLE_TESTABILITY = YES;
				ENABLE_USER_SCRIPT_SANDBOXING = YES;
				GCC_C_LANGUAGE_STANDARD = gnu17;
				GCC_DYNAMIC_NO_PIC = NO;
				GCC_NO_COMMON_BLOCKS = YES;
				GCC_OPTIMIZATION_LEVEL = 0;
				GCC_PREPROCESSOR_DEFINITIONS = (
					"DEBUG=1",
					"$(inherited)",
				);
				GCC_WARN_64_TO_32_BIT_CONVERSION = YES;
				GCC_WARN_ABOUT_RETURN_TYPE = YES_ERROR;
				GCC_WARN_UNDECLARED_SELECTOR = YES;
				GCC_WARN_UNINITIALIZED_AUTOS = YES_AGGRESSIVE;
				GCC_WARN_UNUSED_FUNCTION = YES;
				GCC_WARN_UNUSED_VARIABLE = YES;
				IPHONEOS_DEPLOYMENT_TARGET = 17.0;
				LOCALIZATION_PREFERS_STRING_CATALOGS = YES;
				MTL_ENABLE_DEBUG_INFO = INCLUDE_SOURCE;
				MTL_FAST_MATH = YES;
				ONLY_ACTIVE_ARCH = YES;
				SDKROOT = iphoneos;
				SWIFT_ACTIVE_COMPILATION_CONDITIONS = "DEBUG $(inherited)";
				SWIFT_OPTIMIZATION_LEVEL = "-Onone";
			};
			name = Debug;
		};
		4614E58C2B2AF9CA002BB566 /* Release */ = {
			isa = XCBuildConfiguration;
			buildSettings = {
				ALWAYS_SEARCH_USER_PATHS = NO;
				ASSETCATALOG_COMPILER_GENERATE_SWIFT_ASSET_SYMBOL_EXTENSIONS = YES;
				CLANG_ANALYZER_NONNULL = YES;
				CLANG_ANALYZER_NUMBER_OBJECT_CONVERSION = YES_AGGRESSIVE;
				CLANG_CXX_LANGUAGE_STANDARD = "gnu++20";
				CLANG_ENABLE_MODULES = YES;
				CLANG_ENABLE_OBJC_ARC = YES;
				CLANG_ENABLE_OBJC_WEAK = YES;
				CLANG_WARN_BLOCK_CAPTURE_AUTORELEASING = YES;
				CLANG_WARN_BOOL_CONVERSION = YES;
				CLANG_WARN_COMMA = YES;
				CLANG_WARN_CONSTANT_CONVERSION = YES;
				CLANG_WARN_DEPRECATED_OBJC_IMPLEMENTATIONS = YES;
				CLANG_WARN_DIRECT_OBJC_ISA_USAGE = YES_ERROR;
				CLANG_WARN_DOCUMENTATION_COMMENTS = YES;
				CLANG_WARN_EMPTY_BODY = YES;
				CLANG_WARN_ENUM_CONVERSION = YES;
				CLANG_WARN_INFINITE_RECURSION = YES;
				CLANG_WARN_INT_CONVERSION = YES;
				CLANG_WARN_NON_LITERAL_NULL_CONVERSION = YES;
				CLANG_WARN_OBJC_IMPLICIT_RETAIN_SELF = YES;
				CLANG_WARN_OBJC_LITERAL_CONVERSION = YES;
				CLANG_WARN_OBJC_ROOT_CLASS = YES_ERROR;
				CLANG_WARN_QUOTED_INCLUDE_IN_FRAMEWORK_HEADER = YES;
				CLANG_WARN_RANGE_LOOP_ANALYSIS = YES;
				CLANG_WARN_STRICT_PROTOTYPES = YES;
				CLANG_WARN_SUSPICIOUS_MOVE = YES;
				CLANG_WARN_UNGUARDED_AVAILABILITY = YES_AGGRESSIVE;
				CLANG_WARN_UNREACHABLE_CODE = YES;
				CLANG_WARN__DUPLICATE_METHOD_MATCH = YES;
				COPY_PHASE_STRIP = NO;
				DEBUG_INFORMATION_FORMAT = "dwarf-with-dsym";
				ENABLE_NS_ASSERTIONS = NO;
				ENABLE_STRICT_OBJC_MSGSEND = YES;
				ENABLE_USER_SCRIPT_SANDBOXING = YES;
				GCC_C_LANGUAGE_STANDARD = gnu17;
				GCC_NO_COMMON_BLOCKS = YES;
				GCC_WARN_64_TO_32_BIT_CONVERSION = YES;
				GCC_WARN_ABOUT_RETURN_TYPE = YES_ERROR;
				GCC_WARN_UNDECLARED_SELECTOR = YES;
				GCC_WARN_UNINITIALIZED_AUTOS = YES_AGGRESSIVE;
				GCC_WARN_UNUSED_FUNCTION = YES;
				GCC_WARN_UNUSED_VARIABLE = YES;
				IPHONEOS_DEPLOYMENT_TARGET = 17.0;
				LOCALIZATION_PREFERS_STRING_CATALOGS = YES;
				MTL_ENABLE_DEBUG_INFO = NO;
				MTL_FAST_MATH = YES;
				SDKROOT = iphoneos;
				SWIFT_COMPILATION_MODE = wholemodule;
				VALIDATE_PRODUCT = YES;
			};
			name = Release;
		};
		4614E58E2B2AF9CA002BB566 /* Debug */ = {
			isa = XCBuildConfiguration;
			buildSettings = {
				ASSETCATALOG_COMPILER_APPICON_NAME = AppIcon;
				ASSETCATALOG_COMPILER_GLOBAL_ACCENT_COLOR_NAME = AccentColor;
				CODE_SIGN_STYLE = Automatic;
				CURRENT_PROJECT_VERSION = 1;
				DEVELOPMENT_ASSET_PATHS = "\"Final Project/Preview Content\"";
				ENABLE_PREVIEWS = YES;
				GENERATE_INFOPLIST_FILE = YES;
				INFOPLIST_KEY_NSLocationAlwaysAndWhenInUseUsageDescription = "NavCampus is requisting to access your location";
				INFOPLIST_KEY_NSLocationWhenInUseUsageDescription = "NavCampus is requisting to access your location";
				INFOPLIST_KEY_UIApplicationSceneManifest_Generation = YES;
				INFOPLIST_KEY_UIApplicationSupportsIndirectInputEvents = YES;
				INFOPLIST_KEY_UILaunchScreen_Generation = YES;
				INFOPLIST_KEY_UISupportedInterfaceOrientations_iPad = "UIInterfaceOrientationPortrait UIInterfaceOrientationPortraitUpsideDown UIInterfaceOrientationLandscapeLeft UIInterfaceOrientationLandscapeRight";
				INFOPLIST_KEY_UISupportedInterfaceOrientations_iPhone = "UIInterfaceOrientationPortrait UIInterfaceOrientationLandscapeLeft UIInterfaceOrientationLandscapeRight";
				LD_RUNPATH_SEARCH_PATHS = (
					"$(inherited)",
					"@executable_path/Frameworks",
				);
				MARKETING_VERSION = 1.0;
				PRODUCT_BUNDLE_IDENTIFIER = "Smartphone-based-Web-Development.Final-Project";
				PRODUCT_NAME = "$(TARGET_NAME)";
				SWIFT_EMIT_LOC_STRINGS = YES;
				SWIFT_VERSION = 5.0;
				TARGETED_DEVICE_FAMILY = "1,2";
			};
			name = Debug;
		};
		4614E58F2B2AF9CA002BB566 /* Release */ = {
			isa = XCBuildConfiguration;
			buildSettings = {
				ASSETCATALOG_COMPILER_APPICON_NAME = AppIcon;
				ASSETCATALOG_COMPILER_GLOBAL_ACCENT_COLOR_NAME = AccentColor;
				CODE_SIGN_STYLE = Automatic;
				CURRENT_PROJECT_VERSION = 1;
				DEVELOPMENT_ASSET_PATHS = "\"Final Project/Preview Content\"";
				ENABLE_PREVIEWS = YES;
				GENERATE_INFOPLIST_FILE = YES;
				INFOPLIST_KEY_NSLocationAlwaysAndWhenInUseUsageDescription = "NavCampus is requisting to access your location";
				INFOPLIST_KEY_NSLocationWhenInUseUsageDescription = "NavCampus is requisting to access your location";
				INFOPLIST_KEY_UIApplicationSceneManifest_Generation = YES;
				INFOPLIST_KEY_UIApplicationSupportsIndirectInputEvents = YES;
				INFOPLIST_KEY_UILaunchScreen_Generation = YES;
				INFOPLIST_KEY_UISupportedInterfaceOrientations_iPad = "UIInterfaceOrientationPortrait UIInterfaceOrientationPortraitUpsideDown UIInterfaceOrientationLandscapeLeft UIInterfaceOrientationLandscapeRight";
				INFOPLIST_KEY_UISupportedInterfaceOrientations_iPhone = "UIInterfaceOrientationPortrait UIInterfaceOrientationLandscapeLeft UIInterfaceOrientationLandscapeRight";
				LD_RUNPATH_SEARCH_PATHS = (
					"$(inherited)",
					"@executable_path/Frameworks",
				);
				MARKETING_VERSION = 1.0;
				PRODUCT_BUNDLE_IDENTIFIER = "Smartphone-based-Web-Development.Final-Project";
				PRODUCT_NAME = "$(TARGET_NAME)";
				SWIFT_EMIT_LOC_STRINGS = YES;
				SWIFT_VERSION = 5.0;
				TARGETED_DEVICE_FAMILY = "1,2";
			};
			name = Release;
		};
/* End XCBuildConfiguration section */

/* Begin XCConfigurationList section */
		4614E57A2B2AF9C7002BB566 /* Build configuration list for PBXProject "Final Project" */ = {
			isa = XCConfigurationList;
			buildConfigurations = (
				4614E58B2B2AF9CA002BB566 /* Debug */,
				4614E58C2B2AF9CA002BB566 /* Release */,
			);
			defaultConfigurationIsVisible = 0;
			defaultConfigurationName = Release;
		};
		4614E58D2B2AF9CA002BB566 /* Build configuration list for PBXNativeTarget "Final Project" */ = {
			isa = XCConfigurationList;
			buildConfigurations = (
				4614E58E2B2AF9CA002BB566 /* Debug */,
				4614E58F2B2AF9CA002BB566 /* Release */,
			);
			defaultConfigurationIsVisible = 0;
			defaultConfigurationName = Release;
		};
/* End XCConfigurationList section */
	};
	rootObject = 4614E5772B2AF9C6002BB566 /* Project object */;
}
